# THIS IS AN AUTOGENERATED FILE. DO NOT EDIT THIS FILE DIRECTLY.
# yarn lockfile v1


react-hook-form@^7.44.1:
  version "7.44.1"
  resolved "https://registry.yarnpkg.com/react-hook-form/-/react-hook-form-7.44.1.tgz#5385819f399d6675f367fc78f555c8352ca11f04"
  integrity sha512-ZVmDuQQCq6agpVE2eoGjH3ZMDgo/aFV4JVobUQGOQ0/tgfcY/WY30mBSVnxmFOpzS+iSqD2ax7hw9Thg5F931A==
